
Microsoft Visual Studio Solution File, Format Version 12.00
# Visual Studio Version 17
VisualStudioVersion = 17.2.32630.192
MinimumVisualStudioVersion = 10.0.40219.1
Project("{FAE04EC0-301F-11D3-BF4B-00C04F79EFBC}") = "wpJulioSolorzano", "wpJulioSolorzano.csproj", "{4561008E-9014-4E69-8619-565B7FA4A6CE}"
EndProject
Global
	GlobalSection(SolutionConfigurationPlatforms) = preSolution
		Debug|Any CPU = Debug|Any CPU
		Release|Any CPU = Release|Any CPU
	EndGlobalSection
	GlobalSection(ProjectConfigurationPlatforms) = postSolution
		{4561008E-9014-4E69-8619-565B7FA4A6CE}.Debug|Any CPU.ActiveCfg = Debug|Any CPU
		{4561008E-9014-4E69-8619-565B7FA4A6CE}.Debug|Any CPU.Build.0 = Debug|Any CPU
		{4561008E-9014-4E69-8619-565B7FA4A6CE}.Release|Any CPU.ActiveCfg = Release|Any CPU
		{4561008E-9014-4E69-8619-565B7FA4A6CE}.Release|Any CPU.Build.0 = Release|Any CPU
	EndGlobalSection
	GlobalSection(SolutionProperties) = preSolution
		HideSolutionNode = FALSE
	EndGlobalSection
	GlobalSection(ExtensibilityGlobals) = postSolution
		SolutionGuid = {8C93A38C-250E-41E6-B81E-76EEC0551443}
	EndGlobalSection
EndGlobal
